
Microsoft Visual Studio Solution File, Format Version 12.00
# Visual Studio Version 17
VisualStudioVersion = 17.5.33502.453
MinimumVisualStudioVersion = 10.0.40219.1
Project("{9A19103F-16F7-4668-BE54-9A1E7A4F7556}") = "CityApp", "CityApp.csproj", "{7BC7D008-F69F-450E-B09D-8C5E506261A1}"
EndProject
Global
	GlobalSection(SolutionConfigurationPlatforms) = preSolution
		Debug|Any CPU = Debug|Any CPU
		Release|Any CPU = Release|Any CPU
	EndGlobalSection
	GlobalSection(ProjectConfigurationPlatforms) = postSolution
		{7BC7D008-F69F-450E-B09D-8C5E506261A1}.Debug|Any CPU.ActiveCfg = Debug|Any CPU
		{7BC7D008-F69F-450E-B09D-8C5E506261A1}.Debug|Any CPU.Build.0 = Debug|Any CPU
		{7BC7D008-F69F-450E-B09D-8C5E506261A1}.Release|Any CPU.ActiveCfg = Release|Any CPU
		{7BC7D008-F69F-450E-B09D-8C5E506261A1}.Release|Any CPU.Build.0 = Release|Any CPU
	EndGlobalSection
	GlobalSection(SolutionProperties) = preSolution
		HideSolutionNode = FALSE
	EndGlobalSection
	GlobalSection(ExtensibilityGlobals) = postSolution
		SolutionGuid = {BA720CF1-8967-4A57-888C-6E333A574EC4}
	EndGlobalSection
EndGlobal
